
Microsoft Visual Studio Solution File, Format Version 12.00
# Visual Studio 14
VisualStudioVersion = 14.0.25420.1
MinimumVisualStudioVersion = 10.0.40219.1
Project("{9092AA53-FB77-4645-B42D-1CCCA6BD08BD}") = "AdventOfCode2016", "AdventOfCode2016.njsproj", "{BCB60F04-8685-45DB-ACC4-DDF590DBFECA}"
EndProject
Project("{FAE04EC0-301F-11D3-BF4B-00C04F79EFBC}") = "AdventOfConsole2016Csharp", "AdventOfConsole2016Csharp\AdventOfConsole2016Csharp.csproj", "{2035023E-A182-4DFA-81D3-A1B0D6C72460}"
EndProject
Global
	GlobalSection(SolutionConfigurationPlatforms) = preSolution
		Debug|Any CPU = Debug|Any CPU
		Release|Any CPU = Release|Any CPU
	EndGlobalSection
	GlobalSection(ProjectConfigurationPlatforms) = postSolution
		{BCB60F04-8685-45DB-ACC4-DDF590DBFECA}.Debug|Any CPU.ActiveCfg = Debug|Any CPU
		{BCB60F04-8685-45DB-ACC4-DDF590DBFECA}.Debug|Any CPU.Build.0 = Debug|Any CPU
		{BCB60F04-8685-45DB-ACC4-DDF590DBFECA}.Release|Any CPU.ActiveCfg = Release|Any CPU
		{BCB60F04-8685-45DB-ACC4-DDF590DBFECA}.Release|Any CPU.Build.0 = Release|Any CPU
		{2035023E-A182-4DFA-81D3-A1B0D6C72460}.Debug|Any CPU.ActiveCfg = Debug|Any CPU
		{2035023E-A182-4DFA-81D3-A1B0D6C72460}.Debug|Any CPU.Build.0 = Debug|Any CPU
		{2035023E-A182-4DFA-81D3-A1B0D6C72460}.Release|Any CPU.ActiveCfg = Release|Any CPU
		{2035023E-A182-4DFA-81D3-A1B0D6C72460}.Release|Any CPU.Build.0 = Release|Any CPU
	EndGlobalSection
	GlobalSection(SolutionProperties) = preSolution
		HideSolutionNode = FALSE
	EndGlobalSection
EndGlobal
